
Microsoft Visual Studio Solution File, Format Version 12.00
# Visual Studio 15
VisualStudioVersion = 15.0.28307.572
MinimumVisualStudioVersion = 10.0.40219.1
Project("{9A19103F-16F7-4668-BE54-9A1E7A4F7556}") = "ChatMicroservice", "ChatMicroservice\ChatMicroservice.csproj", "{DA06FFFA-7FD4-4923-A1C9-89AFBEB094A0}"
EndProject
Project("{9A19103F-16F7-4668-BE54-9A1E7A4F7556}") = "ChatMicroservice.Data", "ChatMicroservice.Data\ChatMicroservice.Data.csproj", "{0F806C36-53A5-4E28-9821-79CC8ADAF21B}"
EndProject
Project("{9A19103F-16F7-4668-BE54-9A1E7A4F7556}") = "Ping.Commons.Dtos", "..\..\api\api-gateway\Ping.Commons.Dtos\Ping.Commons.Dtos.csproj", "{C8B937D4-3B19-4F58-B4CE-2251B4177669}"
EndProject
Project("{9A19103F-16F7-4668-BE54-9A1E7A4F7556}") = "ChatMicroservice.SignalR", "ChatMicroservice.SignalR\ChatMicroservice.SignalR.csproj", "{A414CC8E-3EC0-4024-BF14-F5DB3FFB05C4}"
EndProject
Project("{9A19103F-16F7-4668-BE54-9A1E7A4F7556}") = "ChatMicroservice.RabbitMQ", "ChatMicroservice.RabbitMQ\ChatMicroservice.RabbitMQ.csproj", "{06073FE9-A94F-4E5F-9F6A-F25D0B3610DF}"
EndProject
Project("{9A19103F-16F7-4668-BE54-9A1E7A4F7556}") = "Ping.Commons.Settings", "..\..\api\api-gateway\Ping.Commons.Settings\Ping.Commons.Settings.csproj", "{B56659BB-AC44-4C09-84A8-0323A81AFF57}"
EndProject
Global
	GlobalSection(SolutionConfigurationPlatforms) = preSolution
		Debug|Any CPU = Debug|Any CPU
		Release|Any CPU = Release|Any CPU
	EndGlobalSection
	GlobalSection(ProjectConfigurationPlatforms) = postSolution
		{DA06FFFA-7FD4-4923-A1C9-89AFBEB094A0}.Debug|Any CPU.ActiveCfg = Debug|Any CPU
		{DA06FFFA-7FD4-4923-A1C9-89AFBEB094A0}.Debug|Any CPU.Build.0 = Debug|Any CPU
		{DA06FFFA-7FD4-4923-A1C9-89AFBEB094A0}.Release|Any CPU.ActiveCfg = Release|Any CPU
		{DA06FFFA-7FD4-4923-A1C9-89AFBEB094A0}.Release|Any CPU.Build.0 = Release|Any CPU
		{0F806C36-53A5-4E28-9821-79CC8ADAF21B}.Debug|Any CPU.ActiveCfg = Debug|Any CPU
		{0F806C36-53A5-4E28-9821-79CC8ADAF21B}.Debug|Any CPU.Build.0 = Debug|Any CPU
		{0F806C36-53A5-4E28-9821-79CC8ADAF21B}.Release|Any CPU.ActiveCfg = Release|Any CPU
		{0F806C36-53A5-4E28-9821-79CC8ADAF21B}.Release|Any CPU.Build.0 = Release|Any CPU
		{C8B937D4-3B19-4F58-B4CE-2251B4177669}.Debug|Any CPU.ActiveCfg = Debug|Any CPU
		{C8B937D4-3B19-4F58-B4CE-2251B4177669}.Debug|Any CPU.Build.0 = Debug|Any CPU
		{C8B937D4-3B19-4F58-B4CE-2251B4177669}.Release|Any CPU.ActiveCfg = Release|Any CPU
		{C8B937D4-3B19-4F58-B4CE-2251B4177669}.Release|Any CPU.Build.0 = Release|Any CPU
		{A414CC8E-3EC0-4024-BF14-F5DB3FFB05C4}.Debug|Any CPU.ActiveCfg = Debug|Any CPU
		{A414CC8E-3EC0-4024-BF14-F5DB3FFB05C4}.Debug|Any CPU.Build.0 = Debug|Any CPU
		{A414CC8E-3EC0-4024-BF14-F5DB3FFB05C4}.Release|Any CPU.ActiveCfg = Release|Any CPU
		{A414CC8E-3EC0-4024-BF14-F5DB3FFB05C4}.Release|Any CPU.Build.0 = Release|Any CPU
		{06073FE9-A94F-4E5F-9F6A-F25D0B3610DF}.Debug|Any CPU.ActiveCfg = Debug|Any CPU
		{06073FE9-A94F-4E5F-9F6A-F25D0B3610DF}.Debug|Any CPU.Build.0 = Debug|Any CPU
		{06073FE9-A94F-4E5F-9F6A-F25D0B3610DF}.Release|Any CPU.ActiveCfg = Release|Any CPU
		{06073FE9-A94F-4E5F-9F6A-F25D0B3610DF}.Release|Any CPU.Build.0 = Release|Any CPU
		{B56659BB-AC44-4C09-84A8-0323A81AFF57}.Debug|Any CPU.ActiveCfg = Debug|Any CPU
		{B56659BB-AC44-4C09-84A8-0323A81AFF57}.Debug|Any CPU.Build.0 = Debug|Any CPU
		{B56659BB-AC44-4C09-84A8-0323A81AFF57}.Release|Any CPU.ActiveCfg = Release|Any CPU
		{B56659BB-AC44-4C09-84A8-0323A81AFF57}.Release|Any CPU.Build.0 = Release|Any CPU
	EndGlobalSection
	GlobalSection(SolutionProperties) = preSolution
		HideSolutionNode = FALSE
	EndGlobalSection
	GlobalSection(ExtensibilityGlobals) = postSolution
		SolutionGuid = {5C9C1F3F-A86D-42A0-A22D-360A2CDE1CC4}
	EndGlobalSection
EndGlobal
